
Microsoft Visual Studio Solution File, Format Version 12.00
# Visual Studio 15
VisualStudioVersion = 15.0.27703.2026
MinimumVisualStudioVersion = 10.0.40219.1
Project("{FAE04EC0-301F-11D3-BF4B-00C04F79EFBC}") = "InterfacesHomeWork", "InterfacesHomeWork\InterfacesHomeWork.csproj", "{D8D36E52-E38E-44D2-968D-F735DAFBA673}"
EndProject
Global
	GlobalSection(SolutionConfigurationPlatforms) = preSolution
		Debug|Any CPU = Debug|Any CPU
		Release|Any CPU = Release|Any CPU
	EndGlobalSection
	GlobalSection(ProjectConfigurationPlatforms) = postSolution
		{D8D36E52-E38E-44D2-968D-F735DAFBA673}.Debug|Any CPU.ActiveCfg = Debug|Any CPU
		{D8D36E52-E38E-44D2-968D-F735DAFBA673}.Debug|Any CPU.Build.0 = Debug|Any CPU
		{D8D36E52-E38E-44D2-968D-F735DAFBA673}.Release|Any CPU.ActiveCfg = Release|Any CPU
		{D8D36E52-E38E-44D2-968D-F735DAFBA673}.Release|Any CPU.Build.0 = Release|Any CPU
	EndGlobalSection
	GlobalSection(SolutionProperties) = preSolution
		HideSolutionNode = FALSE
	EndGlobalSection
	GlobalSection(ExtensibilityGlobals) = postSolution
		SolutionGuid = {6372E2C3-83AD-41AF-BED0-27905A4D498D}
	EndGlobalSection
EndGlobal
