
Microsoft Visual Studio Solution File, Format Version 12.00
# Visual Studio 15
VisualStudioVersion = 15.0.27703.2026
MinimumVisualStudioVersion = 10.0.40219.1
Project("{FAE04EC0-301F-11D3-BF4B-00C04F79EFBC}") = "BaseTypesPractice", "Task1;\BaseTypesPractice.csproj", "{175ABD7D-1F96-4C64-BFA0-4282B3C62B9C}"
EndProject
Global
	GlobalSection(SolutionConfigurationPlatforms) = preSolution
		Debug|Any CPU = Debug|Any CPU
		Release|Any CPU = Release|Any CPU
	EndGlobalSection
	GlobalSection(ProjectConfigurationPlatforms) = postSolution
		{175ABD7D-1F96-4C64-BFA0-4282B3C62B9C}.Debug|Any CPU.ActiveCfg = Debug|Any CPU
		{175ABD7D-1F96-4C64-BFA0-4282B3C62B9C}.Debug|Any CPU.Build.0 = Debug|Any CPU
		{175ABD7D-1F96-4C64-BFA0-4282B3C62B9C}.Release|Any CPU.ActiveCfg = Release|Any CPU
		{175ABD7D-1F96-4C64-BFA0-4282B3C62B9C}.Release|Any CPU.Build.0 = Release|Any CPU
	EndGlobalSection
	GlobalSection(SolutionProperties) = preSolution
		HideSolutionNode = FALSE
	EndGlobalSection
	GlobalSection(ExtensibilityGlobals) = postSolution
		SolutionGuid = {80ED9F71-2A18-449A-8472-05D844930E4C}
	EndGlobalSection
EndGlobal
