
Microsoft Visual Studio Solution File, Format Version 12.00
# Visual Studio 15
VisualStudioVersion = 15.0.28010.2048
MinimumVisualStudioVersion = 10.0.40219.1
Project("{FAE04EC0-301F-11D3-BF4B-00C04F79EFBC}") = "Collections", "Collections\Collections.csproj", "{34541AF0-C745-40D5-AE3B-18D947BA5000}"
EndProject
Global
	GlobalSection(SolutionConfigurationPlatforms) = preSolution
		Debug|Any CPU = Debug|Any CPU
		Release|Any CPU = Release|Any CPU
	EndGlobalSection
	GlobalSection(ProjectConfigurationPlatforms) = postSolution
		{34541AF0-C745-40D5-AE3B-18D947BA5000}.Debug|Any CPU.ActiveCfg = Debug|Any CPU
		{34541AF0-C745-40D5-AE3B-18D947BA5000}.Debug|Any CPU.Build.0 = Debug|Any CPU
		{34541AF0-C745-40D5-AE3B-18D947BA5000}.Release|Any CPU.ActiveCfg = Release|Any CPU
		{34541AF0-C745-40D5-AE3B-18D947BA5000}.Release|Any CPU.Build.0 = Release|Any CPU
	EndGlobalSection
	GlobalSection(SolutionProperties) = preSolution
		HideSolutionNode = FALSE
	EndGlobalSection
	GlobalSection(ExtensibilityGlobals) = postSolution
		SolutionGuid = {4F611A01-51AC-4772-944F-663B0C1046FF}
	EndGlobalSection
EndGlobal
