
Microsoft Visual Studio Solution File, Format Version 12.00
# Visual Studio 15
VisualStudioVersion = 15.0.27703.2026
MinimumVisualStudioVersion = 10.0.40219.1
Project("{FAE04EC0-301F-11D3-BF4B-00C04F79EFBC}") = "WorkForExam+2", "WorkForExam+2\WorkForExam+2.csproj", "{D93DDBCB-80D9-43B9-9F18-032035B18CE6}"
EndProject
Global
	GlobalSection(SolutionConfigurationPlatforms) = preSolution
		Debug|Any CPU = Debug|Any CPU
		Release|Any CPU = Release|Any CPU
	EndGlobalSection
	GlobalSection(ProjectConfigurationPlatforms) = postSolution
		{D93DDBCB-80D9-43B9-9F18-032035B18CE6}.Debug|Any CPU.ActiveCfg = Debug|Any CPU
		{D93DDBCB-80D9-43B9-9F18-032035B18CE6}.Debug|Any CPU.Build.0 = Debug|Any CPU
		{D93DDBCB-80D9-43B9-9F18-032035B18CE6}.Release|Any CPU.ActiveCfg = Release|Any CPU
		{D93DDBCB-80D9-43B9-9F18-032035B18CE6}.Release|Any CPU.Build.0 = Release|Any CPU
	EndGlobalSection
	GlobalSection(SolutionProperties) = preSolution
		HideSolutionNode = FALSE
	EndGlobalSection
	GlobalSection(ExtensibilityGlobals) = postSolution
		SolutionGuid = {CC70CCA8-ABBF-498F-AAD6-801D49171174}
	EndGlobalSection
EndGlobal
